
Microsoft Visual Studio Solution File, Format Version 12.00
# Visual Studio 15
VisualStudioVersion = 15.0.28307.271
MinimumVisualStudioVersion = 10.0.40219.1
Project("{FAE04EC0-301F-11D3-BF4B-00C04F79EFBC}") = "GestionCloture", "GestionCloture\GestionCloture.csproj", "{92BBBD73-76B6-453C-886A-7F37174EC49E}"
EndProject
Global
	GlobalSection(SolutionConfigurationPlatforms) = preSolution
		Debug|Any CPU = Debug|Any CPU
		Release|Any CPU = Release|Any CPU
	EndGlobalSection
	GlobalSection(ProjectConfigurationPlatforms) = postSolution
		{92BBBD73-76B6-453C-886A-7F37174EC49E}.Debug|Any CPU.ActiveCfg = Debug|Any CPU
		{92BBBD73-76B6-453C-886A-7F37174EC49E}.Debug|Any CPU.Build.0 = Debug|Any CPU
		{92BBBD73-76B6-453C-886A-7F37174EC49E}.Release|Any CPU.ActiveCfg = Release|Any CPU
		{92BBBD73-76B6-453C-886A-7F37174EC49E}.Release|Any CPU.Build.0 = Release|Any CPU
	EndGlobalSection
	GlobalSection(SolutionProperties) = preSolution
		HideSolutionNode = FALSE
	EndGlobalSection
	GlobalSection(ExtensibilityGlobals) = postSolution
		SolutionGuid = {1A826622-B5E8-495D-A48F-54B9267914BF}
	EndGlobalSection
EndGlobal
